
Microsoft Visual Studio Solution File, Format Version 12.00
# Visual Studio Version 17
VisualStudioVersion = 17.0.31903.59
MinimumVisualStudioVersion = 10.0.40219.1
Project("{FAE04EC0-301F-11D3-BF4B-00C04F79EFBC}") = "LaptopShop.DAL", "LaptopShop.DAL\LaptopShop.DAL.csproj", "{483575FF-D559-4D2F-A131-9AB2DB5A4CA3}"
EndProject
Project("{FAE04EC0-301F-11D3-BF4B-00C04F79EFBC}") = "LaptopShop.BLL", "LaptopShop.BLL\LaptopShop.BLL.csproj", "{4A922B86-9CCC-49B8-81AD-7D536689B5E5}"
EndProject
Project("{FAE04EC0-301F-11D3-BF4B-00C04F79EFBC}") = "LaptopShop.API", "LaptopShop.API\LaptopShop.API.csproj", "{3450C329-D92D-499A-9DDC-01BA9CC51331}"
EndProject
Project("{FAE04EC0-301F-11D3-BF4B-00C04F79EFBC}") = "LaptopShop.Web", "LaptopShop.Web\LaptopShop.Web.csproj", "{BFA99E63-D658-4044-8403-AEDDF5953F92}"
EndProject
Global
	GlobalSection(SolutionConfigurationPlatforms) = preSolution
		Debug|Any CPU = Debug|Any CPU
		Release|Any CPU = Release|Any CPU
	EndGlobalSection
	GlobalSection(SolutionProperties) = preSolution
		HideSolutionNode = FALSE
	EndGlobalSection
	GlobalSection(ProjectConfigurationPlatforms) = postSolution
		{483575FF-D559-4D2F-A131-9AB2DB5A4CA3}.Debug|Any CPU.ActiveCfg = Debug|Any CPU
		{483575FF-D559-4D2F-A131-9AB2DB5A4CA3}.Debug|Any CPU.Build.0 = Debug|Any CPU
		{483575FF-D559-4D2F-A131-9AB2DB5A4CA3}.Release|Any CPU.ActiveCfg = Release|Any CPU
		{483575FF-D559-4D2F-A131-9AB2DB5A4CA3}.Release|Any CPU.Build.0 = Release|Any CPU
		{4A922B86-9CCC-49B8-81AD-7D536689B5E5}.Debug|Any CPU.ActiveCfg = Debug|Any CPU
		{4A922B86-9CCC-49B8-81AD-7D536689B5E5}.Debug|Any CPU.Build.0 = Debug|Any CPU
		{4A922B86-9CCC-49B8-81AD-7D536689B5E5}.Release|Any CPU.ActiveCfg = Release|Any CPU
		{4A922B86-9CCC-49B8-81AD-7D536689B5E5}.Release|Any CPU.Build.0 = Release|Any CPU
		{3450C329-D92D-499A-9DDC-01BA9CC51331}.Debug|Any CPU.ActiveCfg = Debug|Any CPU
		{3450C329-D92D-499A-9DDC-01BA9CC51331}.Debug|Any CPU.Build.0 = Debug|Any CPU
		{3450C329-D92D-499A-9DDC-01BA9CC51331}.Release|Any CPU.ActiveCfg = Release|Any CPU
		{3450C329-D92D-499A-9DDC-01BA9CC51331}.Release|Any CPU.Build.0 = Release|Any CPU
		{BFA99E63-D658-4044-8403-AEDDF5953F92}.Debug|Any CPU.ActiveCfg = Debug|Any CPU
		{BFA99E63-D658-4044-8403-AEDDF5953F92}.Debug|Any CPU.Build.0 = Debug|Any CPU
		{BFA99E63-D658-4044-8403-AEDDF5953F92}.Release|Any CPU.ActiveCfg = Release|Any CPU
		{BFA99E63-D658-4044-8403-AEDDF5953F92}.Release|Any CPU.Build.0 = Release|Any CPU
	EndGlobalSection
EndGlobal
